
Microsoft Visual Studio Solution File, Format Version 12.00
# Visual Studio Version 17
VisualStudioVersion = 17.8.34309.116
MinimumVisualStudioVersion = 10.0.40219.1
Project("{FAE04EC0-301F-11D3-BF4B-00C04F79EFBC}") = "TicketBookingCore.Tests", "TicketBookingCore.Tests\TicketBookingCore.Tests.csproj", "{BC94B0E8-A6FB-4F71-B6D5-6B0F0097E82C}"
EndProject
Project("{FAE04EC0-301F-11D3-BF4B-00C04F79EFBC}") = "TicketBookingCore", "TicketBookingCore\TicketBookingCore.csproj", "{0DF9BC4B-E70C-4A34-9F1A-3E03D16DABC5}"
EndProject
Global
	GlobalSection(SolutionConfigurationPlatforms) = preSolution
		Debug|Any CPU = Debug|Any CPU
		Release|Any CPU = Release|Any CPU
	EndGlobalSection
	GlobalSection(ProjectConfigurationPlatforms) = postSolution
		{BC94B0E8-A6FB-4F71-B6D5-6B0F0097E82C}.Debug|Any CPU.ActiveCfg = Debug|Any CPU
		{BC94B0E8-A6FB-4F71-B6D5-6B0F0097E82C}.Debug|Any CPU.Build.0 = Debug|Any CPU
		{BC94B0E8-A6FB-4F71-B6D5-6B0F0097E82C}.Release|Any CPU.ActiveCfg = Release|Any CPU
		{BC94B0E8-A6FB-4F71-B6D5-6B0F0097E82C}.Release|Any CPU.Build.0 = Release|Any CPU
		{0DF9BC4B-E70C-4A34-9F1A-3E03D16DABC5}.Debug|Any CPU.ActiveCfg = Debug|Any CPU
		{0DF9BC4B-E70C-4A34-9F1A-3E03D16DABC5}.Debug|Any CPU.Build.0 = Debug|Any CPU
		{0DF9BC4B-E70C-4A34-9F1A-3E03D16DABC5}.Release|Any CPU.ActiveCfg = Release|Any CPU
		{0DF9BC4B-E70C-4A34-9F1A-3E03D16DABC5}.Release|Any CPU.Build.0 = Release|Any CPU
	EndGlobalSection
	GlobalSection(SolutionProperties) = preSolution
		HideSolutionNode = FALSE
	EndGlobalSection
	GlobalSection(ExtensibilityGlobals) = postSolution
		SolutionGuid = {DBBEAC54-2BD2-4F27-96ED-D1A9D5E227DF}
	EndGlobalSection
EndGlobal
